
Microsoft Visual Studio Solution File, Format Version 12.00
# Visual Studio Version 16
VisualStudioVersion = 16.0.30711.63
MinimumVisualStudioVersion = 10.0.40219.1
Project("{8BC9CEB8-8B4A-11D0-8D11-00A0C91BC942}") = "List qsort", "List qsort.vcxproj", "{C0708CD1-EED3-4B0B-A5A7-81DE7B30BA10}"
EndProject
Global
	GlobalSection(SolutionConfigurationPlatforms) = preSolution
		Debug|x64 = Debug|x64
		Debug|x86 = Debug|x86
		Release|x64 = Release|x64
		Release|x86 = Release|x86
	EndGlobalSection
	GlobalSection(ProjectConfigurationPlatforms) = postSolution
		{C0708CD1-EED3-4B0B-A5A7-81DE7B30BA10}.Debug|x64.ActiveCfg = Debug|x64
		{C0708CD1-EED3-4B0B-A5A7-81DE7B30BA10}.Debug|x64.Build.0 = Debug|x64
		{C0708CD1-EED3-4B0B-A5A7-81DE7B30BA10}.Debug|x86.ActiveCfg = Debug|Win32
		{C0708CD1-EED3-4B0B-A5A7-81DE7B30BA10}.Debug|x86.Build.0 = Debug|Win32
		{C0708CD1-EED3-4B0B-A5A7-81DE7B30BA10}.Release|x64.ActiveCfg = Release|x64
		{C0708CD1-EED3-4B0B-A5A7-81DE7B30BA10}.Release|x64.Build.0 = Release|x64
		{C0708CD1-EED3-4B0B-A5A7-81DE7B30BA10}.Release|x86.ActiveCfg = Release|Win32
		{C0708CD1-EED3-4B0B-A5A7-81DE7B30BA10}.Release|x86.Build.0 = Release|Win32
	EndGlobalSection
	GlobalSection(SolutionProperties) = preSolution
		HideSolutionNode = FALSE
	EndGlobalSection
	GlobalSection(ExtensibilityGlobals) = postSolution
		SolutionGuid = {D6EB51F9-05C8-4712-BF38-12F669F7FF29}
	EndGlobalSection
EndGlobal
